{
  "lockfile_version": "1",
  "packages": {
    "act@latest": {
      "last_modified": "2025-06-05T08:10:37Z",
      "resolved": "github:NixOS/nixpkgs/ec62ae342c340d24289735e31eb9155261cd5fe7#act",
      "source": "devbox-search",
      "version": "0.2.78",
      "systems": {
        "aarch64-darwin": {
          "outputs": [
            {
              "name": "out",
              "path": "/nix/store/gmwb5nb910r0g11wphyhcgkkb73cyz4g-act-0.2.78",
              "default": true
            }
          ],
          "store_path": "/nix/store/gmwb5nb910r0g11wphyhcgkkb73cyz4g-act-0.2.78"
        },
        "aarch64-linux": {
          "outputs": [
            {
              "name": "out",
              "path": "/nix/store/3h6w4yyv6krgiwvy7kfm2f7hm1h5z8sv-act-0.2.78",
              "default": true
            }
          ],
          "store_path": "/nix/store/3h6w4yyv6krgiwvy7kfm2f7hm1h5z8sv-act-0.2.78"
        },
        "x86_64-darwin": {
          "outputs": [
            {
              "name": "out",
              "path": "/nix/store/2ldaxvizvd4130rjsnn0dm4xnsvjq2wz-act-0.2.78",
              "default": true
            }
          ],
          "store_path": "/nix/store/2ldaxvizvd4130rjsnn0dm4xnsvjq2wz-act-0.2.78"
        },
        "x86_64-linux": {
          "outputs": [
            {
              "name": "out",
              "path": "/nix/store/nnjly4y9m3mssv7g1l151bwmbs294qlk-act-0.2.78",
              "default": true
            }
          ],
          "store_path": "/nix/store/nnjly4y9m3mssv7g1l151bwmbs294qlk-act-0.2.78"
        }
      }
    },
    "dotnet-sdk_10@latest": {
      "last_modified": "2025-05-24T21:46:02Z",
      "resolved": "github:NixOS/nixpkgs/edb3633f9100d9277d1c9af245a4e9337a980c07#dotnet-sdk_10",
      "source": "devbox-search",
      "version": "10.0.100-preview.4.25258.110",
      "systems": {
        "aarch64-darwin": {
          "outputs": [
            {
              "name": "out",
              "path": "/nix/store/gl7yay7cwgp3vbf80rqijwrsiyi5cfs9-dotnet-sdk-wrapped-10.0.100-preview.4.25258.110",
              "default": true
            },
            {
              "name": "man",
              "path": "/nix/store/krmnx4kz504fsm06fwx4bc4h7fvq5s7x-dotnet-sdk-wrapped-10.0.100-preview.4.25258.110-man",
              "default": true
            }
          ],
          "store_path": "/nix/store/gl7yay7cwgp3vbf80rqijwrsiyi5cfs9-dotnet-sdk-wrapped-10.0.100-preview.4.25258.110"
        },
        "aarch64-linux": {
          "outputs": [
            {
              "name": "out",
              "path": "/nix/store/g4ds4jzc7hyrgg9y9qp32l2nqb9bppkv-dotnet-sdk-wrapped-10.0.100-preview.4.25258.110",
              "default": true
            },
            {
              "name": "man",
              "path": "/nix/store/ncghh0yk10ifms2xv6mcyd07d9vrq0fz-dotnet-sdk-wrapped-10.0.100-preview.4.25258.110-man",
              "default": true
            }
          ],
          "store_path": "/nix/store/g4ds4jzc7hyrgg9y9qp32l2nqb9bppkv-dotnet-sdk-wrapped-10.0.100-preview.4.25258.110"
        },
        "x86_64-darwin": {
          "outputs": [
            {
              "name": "out",
              "path": "/nix/store/56dmmy1jja4p6d426hrkwhxpjvw50d47-dotnet-sdk-wrapped-10.0.100-preview.4.25258.110",
              "default": true
            }
          ],
          "store_path": "/nix/store/56dmmy1jja4p6d426hrkwhxpjvw50d47-dotnet-sdk-wrapped-10.0.100-preview.4.25258.110"
        },
        "x86_64-linux": {
          "outputs": [
            {
              "name": "out",
              "path": "/nix/store/vkp61kz1jbqqg1sqqra047mkb3fwxgpq-dotnet-sdk-wrapped-10.0.100-preview.4.25258.110",
              "default": true
            },
            {
              "name": "man",
              "path": "/nix/store/0fnarldkkprgqkaz8y1am0nzvkqx6xjb-dotnet-sdk-wrapped-10.0.100-preview.4.25258.110-man",
              "default": true
            }
          ],
          "store_path": "/nix/store/vkp61kz1jbqqg1sqqra047mkb3fwxgpq-dotnet-sdk-wrapped-10.0.100-preview.4.25258.110"
        }
      }
    },
    "github:NixOS/nixpkgs/nixpkgs-unstable": {
      "last_modified": "2025-06-11T05:21:29Z",
      "resolved": "github:NixOS/nixpkgs/f72be405a10668b8b00937b452f2145244103ebc?lastModified=1749619289&narHash=sha256-qX6gXVjaCXXbcn6A9eSLUf8Fm07MgPGe5ir3%2B%2By2O1Q%3D"
    },
    "nodejs@20.11.1": {
      "last_modified": "2024-04-02T02:53:36Z",
      "plugin_version": "0.0.2",
      "resolved": "github:NixOS/nixpkgs/080a4a27f206d07724b88da096e27ef63401a504#nodejs_20",
      "source": "devbox-search",
      "version": "20.11.1",
      "systems": {
        "aarch64-darwin": {
          "outputs": [
            {
              "name": "out",
              "path": "/nix/store/j40phqwgkcbngyiv3vziyc8kx6axj471-nodejs-20.11.1",
              "default": true
            },
            {
              "name": "libv8",
              "path": "/nix/store/v39n7p25zq1n41b6r1qy8v83albapaw7-nodejs-20.11.1-libv8"
            }
          ],
          "store_path": "/nix/store/j40phqwgkcbngyiv3vziyc8kx6axj471-nodejs-20.11.1"
        },
        "aarch64-linux": {
          "outputs": [
            {
              "name": "out",
              "path": "/nix/store/4r6qr0bzmkdjjjaf7i4vbjmf92l9zpq0-nodejs-20.11.1",
              "default": true
            },
            {
              "name": "libv8",
              "path": "/nix/store/l6sn21nfn1xyl20i0r0500jpgbd32vg5-nodejs-20.11.1-libv8"
            }
          ],
          "store_path": "/nix/store/4r6qr0bzmkdjjjaf7i4vbjmf92l9zpq0-nodejs-20.11.1"
        },
        "x86_64-darwin": {
          "outputs": [
            {
              "name": "out",
              "path": "/nix/store/kwnl5cxqpa30alxwdksrjnzjrj4wrww3-nodejs-20.11.1",
              "default": true
            },
            {
              "name": "libv8",
              "path": "/nix/store/n5skfiy87k0vh5xyhmrbrn5bgmkr1i28-nodejs-20.11.1-libv8"
            }
          ],
          "store_path": "/nix/store/kwnl5cxqpa30alxwdksrjnzjrj4wrww3-nodejs-20.11.1"
        },
        "x86_64-linux": {
          "outputs": [
            {
              "name": "out",
              "path": "/nix/store/frchj7ynjnj5rwbhhdkwig25lz41y854-nodejs-20.11.1",
              "default": true
            },
            {
              "name": "libv8",
              "path": "/nix/store/1qvbzrhpjkpik7897n7j1ryryg6zrqns-nodejs-20.11.1-libv8"
            }
          ],
          "store_path": "/nix/store/frchj7ynjnj5rwbhhdkwig25lz41y854-nodejs-20.11.1"
        }
      }
    }
  }
}
